<?xml version="1.0" encoding="UTF-8" standalone="yes" ?>
<CodeBlocks_project_file>
	<FileVersion major="1" minor="6" />
	<Project>
		<Option title="Gx" />
		<Option pch_mode="2" />
		<Option compiler="gcc" />
		<Build>
			<Target title="Debug">
				<Option output="bin/Debug/GxFramework" prefix_auto="1" extension_auto="1" />
				<Option object_output="obj/Debug/" />
				<Option type="1" />
				<Option compiler="gcc" />
				<Compiler>
					<Add option="-g" />
				</Compiler>
			</Target>
			<Target title="Release">
				<Option output="bin/Release/GxFramework" prefix_auto="1" extension_auto="1" />
				<Option object_output="obj/Release/" />
				<Option type="1" />
				<Option compiler="gcc" />
				<Compiler>
					<Add option="-O2" />
				</Compiler>
				<Linker>
					<Add option="-s" />
				</Linker>
			</Target>
		</Build>
		<Compiler>
			<Add option="-Wall" />
			<Add directory="Libs/SDL2/i686-w64-mingw32/include/SDL2" />
			<Add directory="Libs/SDL2_image-2.0.5/i686-w64-mingw32/include/SDL2" />
			<Add directory="Libs/SDL2_mixer-2.0.4/i686-w64-mingw32/include/SDL2" />
			<Add directory="Libs/SDL2_ttf-2.0.15/i686-w64-mingw32/include/SDL2" />
		</Compiler>
		<Linker>
			<Add option="-lmingw32 -lSDL2main -lSDL2 -lSDL2_image -lSDL2_ttf -lSDL2_mixer" />
			<Add directory="Libs/SDL2/i686-w64-mingw32/lib" />
			<Add directory="Libs/SDL2_image-2.0.5/i686-w64-mingw32/lib" />
			<Add directory="Libs/SDL2_mixer-2.0.4/i686-w64-mingw32/lib" />
			<Add directory="Libs/SDL2_ttf-2.0.15/i686-w64-mingw32/lib" />
		</Linker>
		<Unit filename="Gx/App/App.c">
			<Option compilerVar="CC" />
		</Unit>
		<Unit filename="Gx/App/App.h" />
		<Unit filename="Gx/Components/Button/Button.c">
			<Option compilerVar="CC" />
		</Unit>
		<Unit filename="Gx/Components/Button/Button.h" />
		<Unit filename="Gx/Components/Components.h" />
		<Unit filename="Gx/Components/Tilemap/Tilemap.c">
			<Option compilerVar="CC" />
		</Unit>
		<Unit filename="Gx/Components/Tilemap/Tilemap.h" />
		<Unit filename="Gx/Containers/Array/Array.c">
			<Option compilerVar="CC" />
		</Unit>
		<Unit filename="Gx/Containers/Array/Array.h" />
		<Unit filename="Gx/Containers/List/List.c">
			<Option compilerVar="CC" />
		</Unit>
		<Unit filename="Gx/Containers/List/List.h" />
		<Unit filename="Gx/Containers/Map/Map.c">
			<Option compilerVar="CC" />
		</Unit>
		<Unit filename="Gx/Containers/Map/Map.h" />
		<Unit filename="Gx/Containers/Qtree/Qtree.c">
			<Option compilerVar="CC" />
		</Unit>
		<Unit filename="Gx/Containers/Qtree/Qtree.h" />
		<Unit filename="Gx/Element/Body/Body.c">
			<Option compilerVar="CC" />
		</Unit>
		<Unit filename="Gx/Element/Body/Body.h" />
		<Unit filename="Gx/Element/Element.c">
			<Option compilerVar="CC" />
		</Unit>
		<Unit filename="Gx/Element/Element.h" />
		<Unit filename="Gx/Element/Renderable/Renderable.c">
			<Option compilerVar="CC" />
		</Unit>
		<Unit filename="Gx/Element/Renderable/Renderable.h" />
		<Unit filename="Gx/Folder/Folder.c">
			<Option compilerVar="CC" />
		</Unit>
		<Unit filename="Gx/Folder/Folder.h" />
		<Unit filename="Gx/Graphics/Graphics.c">
			<Option compilerVar="CC" />
		</Unit>
		<Unit filename="Gx/Graphics/Graphics.h" />
		<Unit filename="Gx/Gx.h" />
		<Unit filename="Gx/Physics/Physics.c">
			<Option compilerVar="CC" />
		</Unit>
		<Unit filename="Gx/Physics/Physics.h" />
		<Unit filename="Gx/Scene/Scene.c">
			<Option compilerVar="CC" />
		</Unit>
		<Unit filename="Gx/Scene/Scene.h" />
		<Unit filename="Gx/Util/Util.c">
			<Option compilerVar="CC" />
		</Unit>
		<Unit filename="Gx/Util/Util.h" />
		<Unit filename="main.c">
			<Option compilerVar="CC" />
		</Unit>
		<Extensions>
			<lib_finder disable_auto="1" />
		</Extensions>
	</Project>
</CodeBlocks_project_file>
